[ "cowboy": {:git, "git://github.com/extend/cowboy.git", "faf64524c6758ae1e27404d2ae1383a23538c538", []},
  "cowlib": {:git, "git://github.com/extend/cowlib.git", "85b695c177da63f8b2651c88f8bc43ee511c4509", [{:ref, "0.2.0"}]},
  "dynamo": {:git, "git://github.com/elixir-lang/dynamo.git", "162444c02fcf7d8aa1c65dcd36d02fd2e2450a24", []},
  "jsex": {:git, "git://github.com/talentdeficit/jsex.git", "c9df36f07b2089a73ab6b32074c01728f1e5a2e1", []},
  "jsx": {:git, "git://github.com/talentdeficit/jsx.git", "e50af6e109cb03bd26acf715cbc77de746507d1d", [{:tag, "v1.4.3"}]},
  "link_shrinkex": {:git, "git://github.com/jonahoffline/link_shrinkex.git", "8ec6a69ee1d6c15e049f7ae0f9c4621002f520ae", []},
  "mimetypes": {:git, "git://github.com/spawngrid/mimetypes.git", "47d37a977a7d633199822bf6b08353007483d00f", []},
  "ranch": {:git, "git://github.com/extend/ranch.git", "41705752ffc7e3ecb96eef8374015ead4ca7f699", [{:ref, "0.8.5"}]} ]
